
Microsoft Visual Studio Solution File, Format Version 12.00
# Visual Studio 14
VisualStudioVersion = 14.0.24720.0
MinimumVisualStudioVersion = 10.0.40219.1
Project("{FAE04EC0-301F-11D3-BF4B-00C04F79EFBC}") = "WindowsFormsApplication6", "WindowsFormsApplication6\WindowsFormsApplication6.csproj", "{EE6945C6-1561-4AB9-ABB4-820C7C20A6D8}"
EndProject
Global
	GlobalSection(SolutionConfigurationPlatforms) = preSolution
		Debug|Any CPU = Debug|Any CPU
		Release|Any CPU = Release|Any CPU
	EndGlobalSection
	GlobalSection(ProjectConfigurationPlatforms) = postSolution
		{EE6945C6-1561-4AB9-ABB4-820C7C20A6D8}.Debug|Any CPU.ActiveCfg = Debug|Any CPU
		{EE6945C6-1561-4AB9-ABB4-820C7C20A6D8}.Debug|Any CPU.Build.0 = Debug|Any CPU
		{EE6945C6-1561-4AB9-ABB4-820C7C20A6D8}.Release|Any CPU.ActiveCfg = Release|Any CPU
		{EE6945C6-1561-4AB9-ABB4-820C7C20A6D8}.Release|Any CPU.Build.0 = Release|Any CPU
	EndGlobalSection
	GlobalSection(SolutionProperties) = preSolution
		HideSolutionNode = FALSE
	EndGlobalSection
EndGlobal
