
Microsoft Visual Studio Solution File, Format Version 12.00
# Visual Studio 14
VisualStudioVersion = 14.0.24720.0
MinimumVisualStudioVersion = 10.0.40219.1
Project("{FAE04EC0-301F-11D3-BF4B-00C04F79EFBC}") = "Fakultaet", "Fakultaet\Fakultaet.csproj", "{066B4AD7-5E60-4A47-840F-D5C1F3FFB329}"
EndProject
Global
	GlobalSection(SolutionConfigurationPlatforms) = preSolution
		Debug|Any CPU = Debug|Any CPU
		Release|Any CPU = Release|Any CPU
	EndGlobalSection
	GlobalSection(ProjectConfigurationPlatforms) = postSolution
		{066B4AD7-5E60-4A47-840F-D5C1F3FFB329}.Debug|Any CPU.ActiveCfg = Debug|Any CPU
		{066B4AD7-5E60-4A47-840F-D5C1F3FFB329}.Debug|Any CPU.Build.0 = Debug|Any CPU
		{066B4AD7-5E60-4A47-840F-D5C1F3FFB329}.Release|Any CPU.ActiveCfg = Release|Any CPU
		{066B4AD7-5E60-4A47-840F-D5C1F3FFB329}.Release|Any CPU.Build.0 = Release|Any CPU
	EndGlobalSection
	GlobalSection(SolutionProperties) = preSolution
		HideSolutionNode = FALSE
	EndGlobalSection
EndGlobal
